
Microsoft Visual Studio Solution File, Format Version 12.00
# Visual Studio Version 17
VisualStudioVersion = 17.13.35806.99
MinimumVisualStudioVersion = 10.0.40219.1
Project("{FAE04EC0-301F-11D3-BF4B-00C04F79EFBC}") = "Aula02", "WebApplication1\Aula02.csproj", "{588182ED-1B3F-4A85-89BB-AA164708546A}"
EndProject
Global
	GlobalSection(SolutionConfigurationPlatforms) = preSolution
		Debug|Any CPU = Debug|Any CPU
		Release|Any CPU = Release|Any CPU
	EndGlobalSection
	GlobalSection(ProjectConfigurationPlatforms) = postSolution
		{588182ED-1B3F-4A85-89BB-AA164708546A}.Debug|Any CPU.ActiveCfg = Debug|Any CPU
		{588182ED-1B3F-4A85-89BB-AA164708546A}.Debug|Any CPU.Build.0 = Debug|Any CPU
		{588182ED-1B3F-4A85-89BB-AA164708546A}.Release|Any CPU.ActiveCfg = Release|Any CPU
		{588182ED-1B3F-4A85-89BB-AA164708546A}.Release|Any CPU.Build.0 = Release|Any CPU
	EndGlobalSection
	GlobalSection(SolutionProperties) = preSolution
		HideSolutionNode = FALSE
	EndGlobalSection
	GlobalSection(ExtensibilityGlobals) = postSolution
		SolutionGuid = {584B37B1-B6ED-40CE-ACF9-A9ABA44B5978}
	EndGlobalSection
EndGlobal
